
Microsoft Visual Studio Solution File, Format Version 12.00
# Visual Studio Version 17
VisualStudioVersion = 17.3.32825.248
MinimumVisualStudioVersion = 10.0.40219.1
Project("{FAE04EC0-301F-11D3-BF4B-00C04F79EFBC}") = "WebApiAutores", "WebApiAutores\WebApiAutores.csproj", "{F4FA7BC9-FF08-4FEE-A608-0931E0AD754C}"
EndProject
Global
	GlobalSection(SolutionConfigurationPlatforms) = preSolution
		Debug|Any CPU = Debug|Any CPU
		Release|Any CPU = Release|Any CPU
	EndGlobalSection
	GlobalSection(ProjectConfigurationPlatforms) = postSolution
		{F4FA7BC9-FF08-4FEE-A608-0931E0AD754C}.Debug|Any CPU.ActiveCfg = Debug|Any CPU
		{F4FA7BC9-FF08-4FEE-A608-0931E0AD754C}.Debug|Any CPU.Build.0 = Debug|Any CPU
		{F4FA7BC9-FF08-4FEE-A608-0931E0AD754C}.Release|Any CPU.ActiveCfg = Release|Any CPU
		{F4FA7BC9-FF08-4FEE-A608-0931E0AD754C}.Release|Any CPU.Build.0 = Release|Any CPU
	EndGlobalSection
	GlobalSection(SolutionProperties) = preSolution
		HideSolutionNode = FALSE
	EndGlobalSection
	GlobalSection(ExtensibilityGlobals) = postSolution
		SolutionGuid = {021B0FDB-2D72-4301-B711-9E72D0A54C2B}
	EndGlobalSection
EndGlobal
